Microsoft Visual Studio Solution File, Format Version 11.00
# Visual Studio 2008

Project("{0CA7E933-70C5-B6C2-B6EC-2BAD7DC9CC38}") = "MJProject", "Assembly-CSharp.csproj", "{BE078A9D-6D94-5FA2-DF4C-B7483C2FC9F2}"
EndProject
Project("{0CA7E933-70C5-B6C2-B6EC-2BAD7DC9CC38}") = "MJProject", "Assembly-CSharp-Editor.csproj", "{7C980B93-1D3B-0A43-95EB-F6EE44F6BFED}"
EndProject
Global
	GlobalSection(SolutionConfigurationPlatforms) = preSolution
		Debug|Any CPU = Debug|Any CPU
		Release|Any CPU = Release|Any CPU
	EndGlobalSection
	GlobalSection(ProjectConfigurationPlatforms) = postSolution
		{BE078A9D-6D94-5FA2-DF4C-B7483C2FC9F2}.Debug|Any CPU.ActiveCfg = Debug|Any CPU
		{BE078A9D-6D94-5FA2-DF4C-B7483C2FC9F2}.Debug|Any CPU.Build.0 = Debug|Any CPU
		{BE078A9D-6D94-5FA2-DF4C-B7483C2FC9F2}.Release|Any CPU.ActiveCfg = Release|Any CPU
		{BE078A9D-6D94-5FA2-DF4C-B7483C2FC9F2}.Release|Any CPU.Build.0 = Release|Any CPU
		{7C980B93-1D3B-0A43-95EB-F6EE44F6BFED}.Debug|Any CPU.ActiveCfg = Debug|Any CPU
		{7C980B93-1D3B-0A43-95EB-F6EE44F6BFED}.Debug|Any CPU.Build.0 = Debug|Any CPU
		{7C980B93-1D3B-0A43-95EB-F6EE44F6BFED}.Release|Any CPU.ActiveCfg = Release|Any CPU
		{7C980B93-1D3B-0A43-95EB-F6EE44F6BFED}.Release|Any CPU.Build.0 = Release|Any CPU
	EndGlobalSection
	GlobalSection(SolutionProperties) = preSolution
		HideSolutionNode = FALSE
	EndGlobalSection
	GlobalSection(MonoDevelopProperties) = preSolution
		StartupItem = Assembly-CSharp.csproj
	EndGlobalSection
EndGlobal
